// !$*UTF8*$!
{
	archiveVersion = 1;
	classes = {
	};
	objectVersion = 50;
	objects = {

/* Begin PBXBuildFile section */
		C30EEE4C23D14CC500827078 /* SessionActivities.m in Sources */ = {isa = PBXBuildFile; fileRef = C30EEE4B23D14CC500827078 /* SessionActivities.m */; };
		C33AFCC823C69D78008ABB95 /* AppDelegate.m in Sources */ = {isa = PBXBuildFile; fileRef = C33AFCC723C69D78008ABB95 /* AppDelegate.m */; };
		C33AFCCB23C69D78008ABB95 /* SceneDelegate.m in Sources */ = {isa = PBXBuildFile; fileRef = C33AFCCA23C69D78008ABB95 /* SceneDelegate.m */; };
		C33AFCCE23C69D78008ABB95 /* ViewController.m in Sources */ = {isa = PBXBuildFile; fileRef = C33AFCCD23C69D78008ABB95 /* ViewController.m */; };
		C33AFCD123C69D78008ABB95 /* Main.storyboard in Resources */ = {isa = PBXBuildFile; fileRef = C33AFCCF23C69D78008ABB95 /* Main.storyboard */; };
		C33AFCD323C69D7A008ABB95 /* Assets.xcassets in Resources */ = {isa = PBXBuildFile; fileRef = C33AFCD223C69D7A008ABB95 /* Assets.xcassets */; };
		C33AFCD623C69D7A008ABB95 /* LaunchScreen.storyboard in Resources */ = {isa = PBXBuildFile; fileRef = C33AFCD423C69D7A008ABB95 /* LaunchScreen.storyboard */; };
		C33AFCD923C69D7A008ABB95 /* main.m in Sources */ = {isa = PBXBuildFile; fileRef = C33AFCD823C69D7A008ABB95 /* main.m */; };
		C33AFCE023C6B3FE008ABB95 /* SearchVC.m in Sources */ = {isa = PBXBuildFile; fileRef = C33AFCDF23C6B3FE008ABB95 /* SearchVC.m */; };
		C33AFCE423C6B47A008ABB95 /* FavoritesVC.m in Sources */ = {isa = PBXBuildFile; fileRef = C33AFCE323C6B47A008ABB95 /* FavoritesVC.m */; };
		C33AFCEE23C81213008ABB95 /* ActivityView.m in Sources */ = {isa = PBXBuildFile; fileRef = C33AFCED23C81213008ABB95 /* ActivityView.m */; };
		C36B7FAC23CFF38300CCA898 /* Activity.m in Sources */ = {isa = PBXBuildFile; fileRef = C36B7FAB23CFF38300CCA898 /* Activity.m */; };
/* End PBXBuildFile section */

/* Begin PBXFileReference section */
		C30EEE4A23D14CB700827078 /* SessionActivities.h */ = {isa = PBXFileReference; lastKnownFileType = sourcecode.c.h; path = SessionActivities.h; sourceTree = "<group>"; };
		C30EEE4B23D14CC500827078 /* SessionActivities.m */ = {isa = PBXFileReference; lastKnownFileType = sourcecode.c.objc; path = SessionActivities.m; sourceTree = "<group>"; };
		C33AFCC323C69D78008ABB95 /* Random Activity Generator.app */ = {isa = PBXFileReference; explicitFileType = wrapper.application; includeInIndex = 0; path = "Random Activity Generator.app"; sourceTree = BUILT_PRODUCTS_DIR; };
		C33AFCC623C69D78008ABB95 /* AppDelegate.h */ = {isa = PBXFileReference; lastKnownFileType = sourcecode.c.h; path = AppDelegate.h; sourceTree = "<group>"; };
		C33AFCC723C69D78008ABB95 /* AppDelegate.m */ = {isa = PBXFileReference; lastKnownFileType = sourcecode.c.objc; path = AppDelegate.m; sourceTree = "<group>"; };
		C33AFCC923C69D78008ABB95 /* SceneDelegate.h */ = {isa = PBXFileReference; lastKnownFileType = sourcecode.c.h; path = SceneDelegate.h; sourceTree = "<group>"; };
		C33AFCCA23C69D78008ABB95 /* SceneDelegate.m */ = {isa = PBXFileReference; lastKnownFileType = sourcecode.c.objc; path = SceneDelegate.m; sourceTree = "<group>"; };
		C33AFCCC23C69D78008ABB95 /* ViewController.h */ = {isa = PBXFileReference; lastKnownFileType = sourcecode.c.h; path = ViewController.h; sourceTree = "<group>"; };
		C33AFCCD23C69D78008ABB95 /* ViewController.m */ = {isa = PBXFileReference; lastKnownFileType = sourcecode.c.objc; path = ViewController.m; sourceTree = "<group>"; };
		C33AFCD023C69D78008ABB95 /* Base */ = {isa = PBXFileReference; lastKnownFileType = file.storyboard; name = Base; path = Base.lproj/Main.storyboard; sourceTree = "<group>"; };
		C33AFCD223C69D7A008ABB95 /* Assets.xcassets */ = {isa = PBXFileReference; lastKnownFileType = folder.assetcatalog; path = Assets.xcassets; sourceTree = "<group>"; };
		C33AFCD523C69D7A008ABB95 /* Base */ = {isa = PBXFileReference; lastKnownFileType = file.storyboard; name = Base; path = Base.lproj/LaunchScreen.storyboard; sourceTree = "<group>"; };
		C33AFCD723C69D7A008ABB95 /* Info.plist */ = {isa = PBXFileReference; lastKnownFileType = text.plist.xml; path = Info.plist; sourceTree = "<group>"; };
		C33AFCD823C69D7A008ABB95 /* main.m */ = {isa = PBXFileReference; lastKnownFileType = sourcecode.c.objc; path = main.m; sourceTree = "<group>"; };
		C33AFCDF23C6B3FE008ABB95 /* SearchVC.m */ = {isa = PBXFileReference; lastKnownFileType = sourcecode.c.objc; path = SearchVC.m; sourceTree = "<group>"; };
		C33AFCE123C6B41C008ABB95 /* SearchVC.h */ = {isa = PBXFileReference; lastKnownFileType = sourcecode.c.h; path = SearchVC.h; sourceTree = "<group>"; };
		C33AFCE223C6B464008ABB95 /* FavoritesVC.h */ = {isa = PBXFileReference; lastKnownFileType = sourcecode.c.h; path = FavoritesVC.h; sourceTree = "<group>"; };
		C33AFCE323C6B47A008ABB95 /* FavoritesVC.m */ = {isa = PBXFileReference; lastKnownFileType = sourcecode.c.objc; path = FavoritesVC.m; sourceTree = "<group>"; };
		C33AFCED23C81213008ABB95 /* ActivityView.m */ = {isa = PBXFileReference; lastKnownFileType = sourcecode.c.objc; path = ActivityView.m; sourceTree = "<group>"; };
		C33AFCEF23C81223008ABB95 /* ActivityView.h */ = {isa = PBXFileReference; lastKnownFileType = sourcecode.c.h; path = ActivityView.h; sourceTree = "<group>"; };
		C36B7FAB23CFF38300CCA898 /* Activity.m */ = {isa = PBXFileReference; lastKnownFileType = sourcecode.c.objc; path = Activity.m; sourceTree = "<group>"; };
		C36B7FAD23CFF39000CCA898 /* Activity.h */ = {isa = PBXFileReference; lastKnownFileType = sourcecode.c.h; path = Activity.h; sourceTree = "<group>"; };
/* End PBXFileReference section */

/* Begin PBXFrameworksBuildPhase section */
		C33AFCC023C69D78008ABB95 /* Frameworks */ = {
			isa = PBXFrameworksBuildPhase;
			buildActionMask = 2147483647;
			files = (
			);
			runOnlyForDeploymentPostprocessing = 0;
		};
/* End PBXFrameworksBuildPhase section */

/* Begin PBXGroup section */
		C33AFCBA23C69D78008ABB95 = {
			isa = PBXGroup;
			children = (
				C33AFCC523C69D78008ABB95 /* Random Activity Generator */,
				C33AFCC423C69D78008ABB95 /* Products */,
			);
			sourceTree = "<group>";
		};
		C33AFCC423C69D78008ABB95 /* Products */ = {
			isa = PBXGroup;
			children = (
				C33AFCC323C69D78008ABB95 /* Random Activity Generator.app */,
			);
			name = Products;
			sourceTree = "<group>";
		};
		C33AFCC523C69D78008ABB95 /* Random Activity Generator */ = {
			isa = PBXGroup;
			children = (
				C36B7FAE23CFF3A100CCA898 /* Model */,
				C36B7FAF23CFF3B300CCA898 /* View */,
				C36B7FB023CFF3CE00CCA898 /* Controller */,
				C33AFCC623C69D78008ABB95 /* AppDelegate.h */,
				C33AFCC723C69D78008ABB95 /* AppDelegate.m */,
				C33AFCC923C69D78008ABB95 /* SceneDelegate.h */,
				C33AFCCA23C69D78008ABB95 /* SceneDelegate.m */,
				C33AFCCF23C69D78008ABB95 /* Main.storyboard */,
				C33AFCD223C69D7A008ABB95 /* Assets.xcassets */,
				C33AFCD423C69D7A008ABB95 /* LaunchScreen.storyboard */,
				C33AFCD723C69D7A008ABB95 /* Info.plist */,
				C33AFCD823C69D7A008ABB95 /* main.m */,
			);
			path = "Random Activity Generator";
			sourceTree = "<group>";
		};
		C36B7FAE23CFF3A100CCA898 /* Model */ = {
			isa = PBXGroup;
			children = (
				C36B7FAD23CFF39000CCA898 /* Activity.h */,
				C36B7FAB23CFF38300CCA898 /* Activity.m */,
				C30EEE4A23D14CB700827078 /* SessionActivities.h */,
				C30EEE4B23D14CC500827078 /* SessionActivities.m */,
			);
			path = Model;
			sourceTree = "<group>";
		};
		C36B7FAF23CFF3B300CCA898 /* View */ = {
			isa = PBXGroup;
			children = (
				C33AFCEF23C81223008ABB95 /* ActivityView.h */,
				C33AFCED23C81213008ABB95 /* ActivityView.m */,
			);
			path = View;
			sourceTree = "<group>";
		};
		C36B7FB023CFF3CE00CCA898 /* Controller */ = {
			isa = PBXGroup;
			children = (
				C33AFCCC23C69D78008ABB95 /* ViewController.h */,
				C33AFCCD23C69D78008ABB95 /* ViewController.m */,
				C33AFCE123C6B41C008ABB95 /* SearchVC.h */,
				C33AFCDF23C6B3FE008ABB95 /* SearchVC.m */,
				C33AFCE223C6B464008ABB95 /* FavoritesVC.h */,
				C33AFCE323C6B47A008ABB95 /* FavoritesVC.m */,
			);
			path = Controller;
			sourceTree = "<group>";
		};
/* End PBXGroup section */

/* Begin PBXNativeTarget section */
		C33AFCC223C69D78008ABB95 /* Random Activity Generator */ = {
			isa = PBXNativeTarget;
			buildConfigurationList = C33AFCDC23C69D7A008ABB95 /* Build configuration list for PBXNativeTarget "Random Activity Generator" */;
			buildPhases = (
				C33AFCBF23C69D78008ABB95 /* Sources */,
				C33AFCC023C69D78008ABB95 /* Frameworks */,
				C33AFCC123C69D78008ABB95 /* Resources */,
			);
			buildRules = (
			);
			dependencies = (
			);
			name = "Random Activity Generator";
			productName = "Random Activity Generator";
			productReference = C33AFCC323C69D78008ABB95 /* Random Activity Generator.app */;
			productType = "com.apple.product-type.application";
		};
/* End PBXNativeTarget section */

/* Begin PBXProject section */
		C33AFCBB23C69D78008ABB95 /* Project object */ = {
			isa = PBXProject;
			attributes = {
				LastUpgradeCheck = 1130;
				ORGANIZATIONNAME = "Dan Pham";
				TargetAttributes = {
					C33AFCC223C69D78008ABB95 = {
						CreatedOnToolsVersion = 11.3;
					};
				};
			};
			buildConfigurationList = C33AFCBE23C69D78008ABB95 /* Build configuration list for PBXProject "Random Activity Generator" */;
			compatibilityVersion = "Xcode 9.3";
			developmentRegion = en;
			hasScannedForEncodings = 0;
			knownRegions = (
				en,
				Base,
			);
			mainGroup = C33AFCBA23C69D78008ABB95;
			productRefGroup = C33AFCC423C69D78008ABB95 /* Products */;
			projectDirPath = "";
			projectRoot = "";
			targets = (
				C33AFCC223C69D78008ABB95 /* Random Activity Generator */,
			);
		};
/* End PBXProject section */

/* Begin PBXResourcesBuildPhase section */
		C33AFCC123C69D78008ABB95 /* Resources */ = {
			isa = PBXResourcesBuildPhase;
			buildActionMask = 2147483647;
			files = (
				C33AFCD623C69D7A008ABB95 /* LaunchScreen.storyboard in Resources */,
				C33AFCD323C69D7A008ABB95 /* Assets.xcassets in Resources */,
				C33AFCD123C69D78008ABB95 /* Main.storyboard in Resources */,
			);
			runOnlyForDeploymentPostprocessing = 0;
		};
/* End PBXResourcesBuildPhase section */

/* Begin PBXSourcesBuildPhase section */
		C33AFCBF23C69D78008ABB95 /* Sources */ = {
			isa = PBXSourcesBuildPhase;
			buildActionMask = 2147483647;
			files = (
				C36B7FAC23CFF38300CCA898 /* Activity.m in Sources */,
				C30EEE4C23D14CC500827078 /* SessionActivities.m in Sources */,
				C33AFCE023C6B3FE008ABB95 /* SearchVC.m in Sources */,
				C33AFCCE23C69D78008ABB95 /* ViewController.m in Sources */,
				C33AFCC823C69D78008ABB95 /* AppDelegate.m in Sources */,
				C33AFCD923C69D7A008ABB95 /* main.m in Sources */,
				C33AFCEE23C81213008ABB95 /* ActivityView.m in Sources */,
				C33AFCCB23C69D78008ABB95 /* SceneDelegate.m in Sources */,
				C33AFCE423C6B47A008ABB95 /* FavoritesVC.m in Sources */,
			);
			runOnlyForDeploymentPostprocessing = 0;
		};
/* End PBXSourcesBuildPhase section */

/* Begin PBXVariantGroup section */
		C33AFCCF23C69D78008ABB95 /* Main.storyboard */ = {
			isa = PBXVariantGroup;
			children = (
				C33AFCD023C69D78008ABB95 /* Base */,
			);
			name = Main.storyboard;
			sourceTree = "<group>";
		};
		C33AFCD423C69D7A008ABB95 /* LaunchScreen.storyboard */ = {
			isa = PBXVariantGroup;
			children = (
				C33AFCD523C69D7A008ABB95 /* Base */,
			);
			name = LaunchScreen.storyboard;
			sourceTree = "<group>";
		};
/* End PBXVariantGroup section */

/* Begin XCBuildConfiguration section */
		C33AFCDA23C69D7A008ABB95 /* Debug */ = {
			isa = XCBuildConfiguration;
			buildSettings = {
				ALWAYS_SEARCH_USER_PATHS = NO;
				CLANG_ANALYZER_NONNULL = YES;
				CLANG_ANALYZER_NUMBER_OBJECT_CONVERSION = YES_AGGRESSIVE;
				CLANG_CXX_LANGUAGE_STANDARD = "gnu++14";
				CLANG_CXX_LIBRARY = "libc++";
				CLANG_ENABLE_MODULES = YES;
				CLANG_ENABLE_OBJC_ARC = YES;
				CLANG_ENABLE_OBJC_WEAK = YES;
				CLANG_WARN_BLOCK_CAPTURE_AUTORELEASING = YES;
				CLANG_WARN_BOOL_CONVERSION = YES;
				CLANG_WARN_COMMA = YES;
				CLANG_WARN_CONSTANT_CONVERSION = YES;
				CLANG_WARN_DEPRECATED_OBJC_IMPLEMENTATIONS = YES;
				CLANG_WARN_DIRECT_OBJC_ISA_USAGE = YES_ERROR;
				CLANG_WARN_DOCUMENTATION_COMMENTS = YES;
				CLANG_WARN_EMPTY_BODY = YES;
				CLANG_WARN_ENUM_CONVERSION = YES;
				CLANG_WARN_INFINITE_RECURSION = YES;
				CLANG_WARN_INT_CONVERSION = YES;
				CLANG_WARN_NON_LITERAL_NULL_CONVERSION = YES;
				CLANG_WARN_OBJC_IMPLICIT_RETAIN_SELF = YES;
				CLANG_WARN_OBJC_LITERAL_CONVERSION = YES;
				CLANG_WARN_OBJC_ROOT_CLASS = YES_ERROR;
				CLANG_WARN_RANGE_LOOP_ANALYSIS = YES;
				CLANG_WARN_STRICT_PROTOTYPES = YES;
				CLANG_WARN_SUSPICIOUS_MOVE = YES;
				CLANG_WARN_UNGUARDED_AVAILABILITY = YES_AGGRESSIVE;
				CLANG_WARN_UNREACHABLE_CODE = YES;
				CLANG_WARN__DUPLICATE_METHOD_MATCH = YES;
				COPY_PHASE_STRIP = NO;
				DEBUG_INFORMATION_FORMAT = dwarf;
				ENABLE_STRICT_OBJC_MSGSEND = YES;
				ENABLE_TESTABILITY = YES;
				GCC_C_LANGUAGE_STANDARD = gnu11;
				GCC_DYNAMIC_NO_PIC = NO;
				GCC_NO_COMMON_BLOCKS = YES;
				GCC_OPTIMIZATION_LEVEL = 0;
				GCC_PREPROCESSOR_DEFINITIONS = (
					"DEBUG=1",
					"$(inherited)",
				);
				GCC_WARN_64_TO_32_BIT_CONVERSION = YES;
				GCC_WARN_ABOUT_RETURN_TYPE = YES_ERROR;
				GCC_WARN_UNDECLARED_SELECTOR = YES;
				GCC_WARN_UNINITIALIZED_AUTOS = YES_AGGRESSIVE;
				GCC_WARN_UNUSED_FUNCTION = YES;
				GCC_WARN_UNUSED_VARIABLE = YES;
				IPHONEOS_DEPLOYMENT_TARGET = 13.2;
				MTL_ENABLE_DEBUG_INFO = INCLUDE_SOURCE;
				MTL_FAST_MATH = YES;
				ONLY_ACTIVE_ARCH = YES;
				SDKROOT = iphoneos;
			};
			name = Debug;
		};
		C33AFCDB23C69D7A008ABB95 /* Release */ = {
			isa = XCBuildConfiguration;
			buildSettings = {
				ALWAYS_SEARCH_USER_PATHS = NO;
				CLANG_ANALYZER_NONNULL = YES;
				CLANG_ANALYZER_NUMBER_OBJECT_CONVERSION = YES_AGGRESSIVE;
				CLANG_CXX_LANGUAGE_STANDARD = "gnu++14";
				CLANG_CXX_LIBRARY = "libc++";
				CLANG_ENABLE_MODULES = YES;
				CLANG_ENABLE_OBJC_ARC = YES;
				CLANG_ENABLE_OBJC_WEAK = YES;
				CLANG_WARN_BLOCK_CAPTURE_AUTORELEASING = YES;
				CLANG_WARN_BOOL_CONVERSION = YES;
				CLANG_WARN_COMMA = YES;
				CLANG_WARN_CONSTANT_CONVERSION = YES;
				CLANG_WARN_DEPRECATED_OBJC_IMPLEMENTATIONS = YES;
				CLANG_WARN_DIRECT_OBJC_ISA_USAGE = YES_ERROR;
				CLANG_WARN_DOCUMENTATION_COMMENTS = YES;
				CLANG_WARN_EMPTY_BODY = YES;
				CLANG_WARN_ENUM_CONVERSION = YES;
				CLANG_WARN_INFINITE_RECURSION = YES;
				CLANG_WARN_INT_CONVERSION = YES;
				CLANG_WARN_NON_LITERAL_NULL_CONVERSION = YES;
				CLANG_WARN_OBJC_IMPLICIT_RETAIN_SELF = YES;
				CLANG_WARN_OBJC_LITERAL_CONVERSION = YES;
				CLANG_WARN_OBJC_ROOT_CLASS = YES_ERROR;
				CLANG_WARN_RANGE_LOOP_ANALYSIS = YES;
				CLANG_WARN_STRICT_PROTOTYPES = YES;
				CLANG_WARN_SUSPICIOUS_MOVE = YES;
				CLANG_WARN_UNGUARDED_AVAILABILITY = YES_AGGRESSIVE;
				CLANG_WARN_UNREACHABLE_CODE = YES;
				CLANG_WARN__DUPLICATE_METHOD_MATCH = YES;
				COPY_PHASE_STRIP = NO;
				DEBUG_INFORMATION_FORMAT = "dwarf-with-dsym";
				ENABLE_NS_ASSERTIONS = NO;
				ENABLE_STRICT_OBJC_MSGSEND = YES;
				GCC_C_LANGUAGE_STANDARD = gnu11;
				GCC_NO_COMMON_BLOCKS = YES;
				GCC_WARN_64_TO_32_BIT_CONVERSION = YES;
				GCC_WARN_ABOUT_RETURN_TYPE = YES_ERROR;
				GCC_WARN_UNDECLARED_SELECTOR = YES;
				GCC_WARN_UNINITIALIZED_AUTOS = YES_AGGRESSIVE;
				GCC_WARN_UNUSED_FUNCTION = YES;
				GCC_WARN_UNUSED_VARIABLE = YES;
				IPHONEOS_DEPLOYMENT_TARGET = 13.2;
				MTL_ENABLE_DEBUG_INFO = NO;
				MTL_FAST_MATH = YES;
				SDKROOT = iphoneos;
				VALIDATE_PRODUCT = YES;
			};
			name = Release;
		};
		C33AFCDD23C69D7A008ABB95 /* Debug */ = {
			isa = XCBuildConfiguration;
			buildSettings = {
				ASSETCATALOG_COMPILER_APPICON_NAME = AppIcon;
				CODE_SIGN_STYLE = Automatic;
				DEVELOPMENT_TEAM = J6YZ86R5K6;
				INFOPLIST_FILE = "Random Activity Generator/Info.plist";
				LD_RUNPATH_SEARCH_PATHS = (
					"$(inherited)",
					"@executable_path/Frameworks",
				);
				PRODUCT_BUNDLE_IDENTIFIER = "com.danpham.Random-Activity-Generator";
				PRODUCT_NAME = "$(TARGET_NAME)";
				TARGETED_DEVICE_FAMILY = 1;
			};
			name = Debug;
		};
		C33AFCDE23C69D7A008ABB95 /* Release */ = {
			isa = XCBuildConfiguration;
			buildSettings = {
				ASSETCATALOG_COMPILER_APPICON_NAME = AppIcon;
				CODE_SIGN_STYLE = Automatic;
				DEVELOPMENT_TEAM = J6YZ86R5K6;
				INFOPLIST_FILE = "Random Activity Generator/Info.plist";
				LD_RUNPATH_SEARCH_PATHS = (
					"$(inherited)",
					"@executable_path/Frameworks",
				);
				PRODUCT_BUNDLE_IDENTIFIER = "com.danpham.Random-Activity-Generator";
				PRODUCT_NAME = "$(TARGET_NAME)";
				TARGETED_DEVICE_FAMILY = 1;
			};
			name = Release;
		};
/* End XCBuildConfiguration section */

/* Begin XCConfigurationList section */
		C33AFCBE23C69D78008ABB95 /* Build configuration list for PBXProject "Random Activity Generator" */ = {
			isa = XCConfigurationList;
			buildConfigurations = (
				C33AFCDA23C69D7A008ABB95 /* Debug */,
				C33AFCDB23C69D7A008ABB95 /* Release */,
			);
			defaultConfigurationIsVisible = 0;
			defaultConfigurationName = Release;
		};
		C33AFCDC23C69D7A008ABB95 /* Build configuration list for PBXNativeTarget "Random Activity Generator" */ = {
			isa = XCConfigurationList;
			buildConfigurations = (
				C33AFCDD23C69D7A008ABB95 /* Debug */,
				C33AFCDE23C69D7A008ABB95 /* Release */,
			);
			defaultConfigurationIsVisible = 0;
			defaultConfigurationName = Release;
		};
/* End XCConfigurationList section */
	};
	rootObject = C33AFCBB23C69D78008ABB95 /* Project object */;
}
